<Solution>
  <Folder Name="/src/">
    <Project Path="src/SubscriptionBilling.Api/SubscriptionBilling.Api.csproj" />
    <Project Path="src/SubscriptionBilling.Application/SubscriptionBilling.Application.csproj" />
    <Project Path="src/SubscriptionBilling.Domain/SubscriptionBilling.Domain.csproj" />
    <Project Path="src/SubscriptionBilling.Infrastructure/SubscriptionBilling.Infrastructure.csproj" />
  </Folder>
  <Folder Name="/tests/">
    <Project Path="tests/SubscriptionBilling.Api.Tests/SubscriptionBilling.Api.Tests.csproj" />
    <Project Path="tests/SubscriptionBilling.Application.Tests/SubscriptionBilling.Application.Tests.csproj" />
    <Project Path="tests/SubscriptionBilling.Domain.Tests/SubscriptionBilling.Domain.Tests.csproj" />
    <Project Path="tests/SubscriptionBilling.Infrastructure.Tests/SubscriptionBilling.Infrastructure.Tests.csproj" />
  </Folder>
</Solution>
